
Microsoft Visual Studio Solution File, Format Version 12.00
# Visual Studio Version 17
VisualStudioVersion = 17.1.32328.378
MinimumVisualStudioVersion = 10.0.40219.1
Project("{FAE04EC0-301F-11D3-BF4B-00C04F79EFBC}") = "SampleNetCoreMVC", "SampleNetCoreMVC.csproj", "{D19E67C5-F5FB-431B-89D0-B3FBF50D8B4F}"
EndProject
Project("{2150E333-8FDC-42A3-9474-1A3956D46DE8}") = "NewFolder1", "NewFolder1", "{88241156-3CB6-4F9B-8DE7-6C3563F8CA23}"
EndProject
Global
	GlobalSection(SolutionConfigurationPlatforms) = preSolution
		Debug|Any CPU = Debug|Any CPU
		Release|Any CPU = Release|Any CPU
	EndGlobalSection
	GlobalSection(ProjectConfigurationPlatforms) = postSolution
		{D19E67C5-F5FB-431B-89D0-B3FBF50D8B4F}.Debug|Any CPU.ActiveCfg = Debug|Any CPU
		{D19E67C5-F5FB-431B-89D0-B3FBF50D8B4F}.Debug|Any CPU.Build.0 = Debug|Any CPU
		{D19E67C5-F5FB-431B-89D0-B3FBF50D8B4F}.Release|Any CPU.ActiveCfg = Release|Any CPU
		{D19E67C5-F5FB-431B-89D0-B3FBF50D8B4F}.Release|Any CPU.Build.0 = Release|Any CPU
	EndGlobalSection
	GlobalSection(SolutionProperties) = preSolution
		HideSolutionNode = FALSE
	EndGlobalSection
	GlobalSection(ExtensibilityGlobals) = postSolution
		SolutionGuid = {0AF59B09-3003-42EA-B4BA-883904CE94A6}
	EndGlobalSection
EndGlobal
